
Microsoft Visual Studio Solution File, Format Version 12.00
# Visual Studio Version 17
VisualStudioVersion = 17.0.31903.59
MinimumVisualStudioVersion = 10.0.40219.1
Project("{2150E333-8FDC-42A3-9474-1A3956D46DE8}") = "src", "src", "{827E0CD3-B72D-47B6-A68D-7590B98EB39B}"
EndProject
Project("{FAE04EC0-301F-11D3-BF4B-00C04F79EFBC}") = "Firemka.Domain", "src\Firemka.Domain\Firemka.Domain.csproj", "{4E7D9F25-AA53-4A01-93E0-55A7F9B1386D}"
EndProject
Project("{FAE04EC0-301F-11D3-BF4B-00C04F79EFBC}") = "Firemka.Application", "src\Firemka.Application\Firemka.Application.csproj", "{800CC34B-B6EF-4413-82E0-D3F9D955BD12}"
EndProject
Project("{FAE04EC0-301F-11D3-BF4B-00C04F79EFBC}") = "Firemka.Infrastructure", "src\Firemka.Infrastructure\Firemka.Infrastructure.csproj", "{DD8CB54A-CEE0-4BD0-A10D-55B85C4AA13C}"
EndProject
Project("{FAE04EC0-301F-11D3-BF4B-00C04F79EFBC}") = "Firemka.Web", "src\Firemka.Web\Firemka.Web.csproj", "{BEA34135-270F-45DC-A623-F4B709F0D15C}"
EndProject
Project("{FAE04EC0-301F-11D3-BF4B-00C04F79EFBC}") = "Firemka.Worker", "src\Firemka.Worker\Firemka.Worker.csproj", "{1F018B7E-0847-4A5B-A0B5-708C05999900}"
EndProject
Project("{FAE04EC0-301F-11D3-BF4B-00C04F79EFBC}") = "Firemka.BackupClient", "src\Firemka.BackupClient\Firemka.BackupClient.csproj", "{68C6C14C-F3F3-45E5-BDBD-F190C9570101}"
EndProject
Project("{2150E333-8FDC-42A3-9474-1A3956D46DE8}") = "tests", "tests", "{0AB3BF05-4346-4AA6-1389-037BE0695223}"
EndProject
Project("{FAE04EC0-301F-11D3-BF4B-00C04F79EFBC}") = "Firemka.Domain.Tests", "tests\Firemka.Domain.Tests\Firemka.Domain.Tests.csproj", "{4A972167-4597-4FDE-8E3E-64C972058CA4}"
EndProject
Project("{FAE04EC0-301F-11D3-BF4B-00C04F79EFBC}") = "Firemka.Web.Tests", "tests\Firemka.Web.Tests\Firemka.Web.Tests.csproj", "{41616F9A-31BE-4E60-BC35-020D52983EBE}"
EndProject
Project("{FAE04EC0-301F-11D3-BF4B-00C04F79EFBC}") = "Firemka.Application.Tests", "tests\Firemka.Application.Tests\Firemka.Application.Tests.csproj", "{373D055E-9716-4334-AA10-DBCDD8D03A84}"
EndProject
Project("{FAE04EC0-301F-11D3-BF4B-00C04F79EFBC}") = "Firemka.Infrastructure.Tests", "tests\Firemka.Infrastructure.Tests\Firemka.Infrastructure.Tests.csproj", "{27CA8571-3D90-454A-9F74-2FB2AC211FFF}"
EndProject
Project("{FAE04EC0-301F-11D3-BF4B-00C04F79EFBC}") = "Firemka.Contract.Tests", "tests\Firemka.Contract.Tests\Firemka.Contract.Tests.csproj", "{1D9947C4-353A-4D78-9EC6-EFB687389AEA}"
EndProject
Project("{FAE04EC0-301F-11D3-BF4B-00C04F79EFBC}") = "Firemka.E2E.Tests", "tests\Firemka.E2E.Tests\Firemka.E2E.Tests.csproj", "{36D3A26F-9DCD-4AED-AF46-6CAFC01E01A2}"
EndProject
Global
	GlobalSection(SolutionConfigurationPlatforms) = preSolution
		Debug|Any CPU = Debug|Any CPU
		Debug|x64 = Debug|x64
		Debug|x86 = Debug|x86
		Release|Any CPU = Release|Any CPU
		Release|x64 = Release|x64
		Release|x86 = Release|x86
	EndGlobalSection
	GlobalSection(ProjectConfigurationPlatforms) = postSolution
		{4E7D9F25-AA53-4A01-93E0-55A7F9B1386D}.Debug|Any CPU.ActiveCfg = Debug|Any CPU
		{4E7D9F25-AA53-4A01-93E0-55A7F9B1386D}.Debug|Any CPU.Build.0 = Debug|Any CPU
		{4E7D9F25-AA53-4A01-93E0-55A7F9B1386D}.Debug|x64.ActiveCfg = Debug|Any CPU
		{4E7D9F25-AA53-4A01-93E0-55A7F9B1386D}.Debug|x64.Build.0 = Debug|Any CPU
		{4E7D9F25-AA53-4A01-93E0-55A7F9B1386D}.Debug|x86.ActiveCfg = Debug|Any CPU
		{4E7D9F25-AA53-4A01-93E0-55A7F9B1386D}.Debug|x86.Build.0 = Debug|Any CPU
		{4E7D9F25-AA53-4A01-93E0-55A7F9B1386D}.Release|Any CPU.ActiveCfg = Release|Any CPU
		{4E7D9F25-AA53-4A01-93E0-55A7F9B1386D}.Release|Any CPU.Build.0 = Release|Any CPU
		{4E7D9F25-AA53-4A01-93E0-55A7F9B1386D}.Release|x64.ActiveCfg = Release|Any CPU
		{4E7D9F25-AA53-4A01-93E0-55A7F9B1386D}.Release|x64.Build.0 = Release|Any CPU
		{4E7D9F25-AA53-4A01-93E0-55A7F9B1386D}.Release|x86.ActiveCfg = Release|Any CPU
		{4E7D9F25-AA53-4A01-93E0-55A7F9B1386D}.Release|x86.Build.0 = Release|Any CPU
		{800CC34B-B6EF-4413-82E0-D3F9D955BD12}.Debug|Any CPU.ActiveCfg = Debug|Any CPU
		{800CC34B-B6EF-4413-82E0-D3F9D955BD12}.Debug|Any CPU.Build.0 = Debug|Any CPU
		{800CC34B-B6EF-4413-82E0-D3F9D955BD12}.Debug|x64.ActiveCfg = Debug|Any CPU
		{800CC34B-B6EF-4413-82E0-D3F9D955BD12}.Debug|x64.Build.0 = Debug|Any CPU
		{800CC34B-B6EF-4413-82E0-D3F9D955BD12}.Debug|x86.ActiveCfg = Debug|Any CPU
		{800CC34B-B6EF-4413-82E0-D3F9D955BD12}.Debug|x86.Build.0 = Debug|Any CPU
		{800CC34B-B6EF-4413-82E0-D3F9D955BD12}.Release|Any CPU.ActiveCfg = Release|Any CPU
		{800CC34B-B6EF-4413-82E0-D3F9D955BD12}.Release|Any CPU.Build.0 = Release|Any CPU
		{800CC34B-B6EF-4413-82E0-D3F9D955BD12}.Release|x64.ActiveCfg = Release|Any CPU
		{800CC34B-B6EF-4413-82E0-D3F9D955BD12}.Release|x64.Build.0 = Release|Any CPU
		{800CC34B-B6EF-4413-82E0-D3F9D955BD12}.Release|x86.ActiveCfg = Release|Any CPU
		{800CC34B-B6EF-4413-82E0-D3F9D955BD12}.Release|x86.Build.0 = Release|Any CPU
		{DD8CB54A-CEE0-4BD0-A10D-55B85C4AA13C}.Debug|Any CPU.ActiveCfg = Debug|Any CPU
		{DD8CB54A-CEE0-4BD0-A10D-55B85C4AA13C}.Debug|Any CPU.Build.0 = Debug|Any CPU
		{DD8CB54A-CEE0-4BD0-A10D-55B85C4AA13C}.Debug|x64.ActiveCfg = Debug|Any CPU
		{DD8CB54A-CEE0-4BD0-A10D-55B85C4AA13C}.Debug|x64.Build.0 = Debug|Any CPU
		{DD8CB54A-CEE0-4BD0-A10D-55B85C4AA13C}.Debug|x86.ActiveCfg = Debug|Any CPU
		{DD8CB54A-CEE0-4BD0-A10D-55B85C4AA13C}.Debug|x86.Build.0 = Debug|Any CPU
		{DD8CB54A-CEE0-4BD0-A10D-55B85C4AA13C}.Release|Any CPU.ActiveCfg = Release|Any CPU
		{DD8CB54A-CEE0-4BD0-A10D-55B85C4AA13C}.Release|Any CPU.Build.0 = Release|Any CPU
		{DD8CB54A-CEE0-4BD0-A10D-55B85C4AA13C}.Release|x64.ActiveCfg = Release|Any CPU
		{DD8CB54A-CEE0-4BD0-A10D-55B85C4AA13C}.Release|x64.Build.0 = Release|Any CPU
		{DD8CB54A-CEE0-4BD0-A10D-55B85C4AA13C}.Release|x86.ActiveCfg = Release|Any CPU
		{DD8CB54A-CEE0-4BD0-A10D-55B85C4AA13C}.Release|x86.Build.0 = Release|Any CPU
		{BEA34135-270F-45DC-A623-F4B709F0D15C}.Debug|Any CPU.ActiveCfg = Debug|Any CPU
		{BEA34135-270F-45DC-A623-F4B709F0D15C}.Debug|Any CPU.Build.0 = Debug|Any CPU
		{BEA34135-270F-45DC-A623-F4B709F0D15C}.Debug|x64.ActiveCfg = Debug|Any CPU
		{BEA34135-270F-45DC-A623-F4B709F0D15C}.Debug|x64.Build.0 = Debug|Any CPU
		{BEA34135-270F-45DC-A623-F4B709F0D15C}.Debug|x86.ActiveCfg = Debug|Any CPU
		{BEA34135-270F-45DC-A623-F4B709F0D15C}.Debug|x86.Build.0 = Debug|Any CPU
		{BEA34135-270F-45DC-A623-F4B709F0D15C}.Release|Any CPU.ActiveCfg = Release|Any CPU
		{BEA34135-270F-45DC-A623-F4B709F0D15C}.Release|Any CPU.Build.0 = Release|Any CPU
		{BEA34135-270F-45DC-A623-F4B709F0D15C}.Release|x64.ActiveCfg = Release|Any CPU
		{BEA34135-270F-45DC-A623-F4B709F0D15C}.Release|x64.Build.0 = Release|Any CPU
		{BEA34135-270F-45DC-A623-F4B709F0D15C}.Release|x86.ActiveCfg = Release|Any CPU
		{BEA34135-270F-45DC-A623-F4B709F0D15C}.Release|x86.Build.0 = Release|Any CPU
		{1F018B7E-0847-4A5B-A0B5-708C05999900}.Debug|Any CPU.ActiveCfg = Debug|Any CPU
		{1F018B7E-0847-4A5B-A0B5-708C05999900}.Debug|Any CPU.Build.0 = Debug|Any CPU
		{1F018B7E-0847-4A5B-A0B5-708C05999900}.Debug|x64.ActiveCfg = Debug|Any CPU
		{1F018B7E-0847-4A5B-A0B5-708C05999900}.Debug|x64.Build.0 = Debug|Any CPU
		{1F018B7E-0847-4A5B-A0B5-708C05999900}.Debug|x86.ActiveCfg = Debug|Any CPU
		{1F018B7E-0847-4A5B-A0B5-708C05999900}.Debug|x86.Build.0 = Debug|Any CPU
		{1F018B7E-0847-4A5B-A0B5-708C05999900}.Release|Any CPU.ActiveCfg = Release|Any CPU
		{1F018B7E-0847-4A5B-A0B5-708C05999900}.Release|Any CPU.Build.0 = Release|Any CPU
		{1F018B7E-0847-4A5B-A0B5-708C05999900}.Release|x64.ActiveCfg = Release|Any CPU
		{1F018B7E-0847-4A5B-A0B5-708C05999900}.Release|x64.Build.0 = Release|Any CPU
		{1F018B7E-0847-4A5B-A0B5-708C05999900}.Release|x86.ActiveCfg = Release|Any CPU
		{1F018B7E-0847-4A5B-A0B5-708C05999900}.Release|x86.Build.0 = Release|Any CPU
		{68C6C14C-F3F3-45E5-BDBD-F190C9570101}.Debug|Any CPU.ActiveCfg = Debug|Any CPU
		{68C6C14C-F3F3-45E5-BDBD-F190C9570101}.Debug|Any CPU.Build.0 = Debug|Any CPU
		{68C6C14C-F3F3-45E5-BDBD-F190C9570101}.Debug|x64.ActiveCfg = Debug|Any CPU
		{68C6C14C-F3F3-45E5-BDBD-F190C9570101}.Debug|x64.Build.0 = Debug|Any CPU
		{68C6C14C-F3F3-45E5-BDBD-F190C9570101}.Debug|x86.ActiveCfg = Debug|Any CPU
		{68C6C14C-F3F3-45E5-BDBD-F190C9570101}.Debug|x86.Build.0 = Debug|Any CPU
		{68C6C14C-F3F3-45E5-BDBD-F190C9570101}.Release|Any CPU.ActiveCfg = Release|Any CPU
		{68C6C14C-F3F3-45E5-BDBD-F190C9570101}.Release|Any CPU.Build.0 = Release|Any CPU
		{68C6C14C-F3F3-45E5-BDBD-F190C9570101}.Release|x64.ActiveCfg = Release|Any CPU
		{68C6C14C-F3F3-45E5-BDBD-F190C9570101}.Release|x64.Build.0 = Release|Any CPU
		{68C6C14C-F3F3-45E5-BDBD-F190C9570101}.Release|x86.ActiveCfg = Release|Any CPU
		{68C6C14C-F3F3-45E5-BDBD-F190C9570101}.Release|x86.Build.0 = Release|Any CPU
		{4A972167-4597-4FDE-8E3E-64C972058CA4}.Debug|Any CPU.ActiveCfg = Debug|Any CPU
		{4A972167-4597-4FDE-8E3E-64C972058CA4}.Debug|Any CPU.Build.0 = Debug|Any CPU
		{4A972167-4597-4FDE-8E3E-64C972058CA4}.Debug|x64.ActiveCfg = Debug|Any CPU
		{4A972167-4597-4FDE-8E3E-64C972058CA4}.Debug|x64.Build.0 = Debug|Any CPU
		{4A972167-4597-4FDE-8E3E-64C972058CA4}.Debug|x86.ActiveCfg = Debug|Any CPU
		{4A972167-4597-4FDE-8E3E-64C972058CA4}.Debug|x86.Build.0 = Debug|Any CPU
		{4A972167-4597-4FDE-8E3E-64C972058CA4}.Release|Any CPU.ActiveCfg = Release|Any CPU
		{4A972167-4597-4FDE-8E3E-64C972058CA4}.Release|Any CPU.Build.0 = Release|Any CPU
		{4A972167-4597-4FDE-8E3E-64C972058CA4}.Release|x64.ActiveCfg = Release|Any CPU
		{4A972167-4597-4FDE-8E3E-64C972058CA4}.Release|x64.Build.0 = Release|Any CPU
		{4A972167-4597-4FDE-8E3E-64C972058CA4}.Release|x86.ActiveCfg = Release|Any CPU
		{4A972167-4597-4FDE-8E3E-64C972058CA4}.Release|x86.Build.0 = Release|Any CPU
		{41616F9A-31BE-4E60-BC35-020D52983EBE}.Debug|Any CPU.ActiveCfg = Debug|Any CPU
		{41616F9A-31BE-4E60-BC35-020D52983EBE}.Debug|Any CPU.Build.0 = Debug|Any CPU
		{41616F9A-31BE-4E60-BC35-020D52983EBE}.Debug|x64.ActiveCfg = Debug|Any CPU
		{41616F9A-31BE-4E60-BC35-020D52983EBE}.Debug|x64.Build.0 = Debug|Any CPU
		{41616F9A-31BE-4E60-BC35-020D52983EBE}.Debug|x86.ActiveCfg = Debug|Any CPU
		{41616F9A-31BE-4E60-BC35-020D52983EBE}.Debug|x86.Build.0 = Debug|Any CPU
		{41616F9A-31BE-4E60-BC35-020D52983EBE}.Release|Any CPU.ActiveCfg = Release|Any CPU
		{41616F9A-31BE-4E60-BC35-020D52983EBE}.Release|Any CPU.Build.0 = Release|Any CPU
		{41616F9A-31BE-4E60-BC35-020D52983EBE}.Release|x64.ActiveCfg = Release|Any CPU
		{41616F9A-31BE-4E60-BC35-020D52983EBE}.Release|x64.Build.0 = Release|Any CPU
		{41616F9A-31BE-4E60-BC35-020D52983EBE}.Release|x86.ActiveCfg = Release|Any CPU
		{41616F9A-31BE-4E60-BC35-020D52983EBE}.Release|x86.Build.0 = Release|Any CPU
		{373D055E-9716-4334-AA10-DBCDD8D03A84}.Debug|Any CPU.ActiveCfg = Debug|Any CPU
		{373D055E-9716-4334-AA10-DBCDD8D03A84}.Debug|Any CPU.Build.0 = Debug|Any CPU
		{373D055E-9716-4334-AA10-DBCDD8D03A84}.Debug|x64.ActiveCfg = Debug|Any CPU
		{373D055E-9716-4334-AA10-DBCDD8D03A84}.Debug|x64.Build.0 = Debug|Any CPU
		{373D055E-9716-4334-AA10-DBCDD8D03A84}.Debug|x86.ActiveCfg = Debug|Any CPU
		{373D055E-9716-4334-AA10-DBCDD8D03A84}.Debug|x86.Build.0 = Debug|Any CPU
		{373D055E-9716-4334-AA10-DBCDD8D03A84}.Release|Any CPU.ActiveCfg = Release|Any CPU
		{373D055E-9716-4334-AA10-DBCDD8D03A84}.Release|Any CPU.Build.0 = Release|Any CPU
		{373D055E-9716-4334-AA10-DBCDD8D03A84}.Release|x64.ActiveCfg = Release|Any CPU
		{373D055E-9716-4334-AA10-DBCDD8D03A84}.Release|x64.Build.0 = Release|Any CPU
		{373D055E-9716-4334-AA10-DBCDD8D03A84}.Release|x86.ActiveCfg = Release|Any CPU
		{373D055E-9716-4334-AA10-DBCDD8D03A84}.Release|x86.Build.0 = Release|Any CPU
		{27CA8571-3D90-454A-9F74-2FB2AC211FFF}.Debug|Any CPU.ActiveCfg = Debug|Any CPU
		{27CA8571-3D90-454A-9F74-2FB2AC211FFF}.Debug|Any CPU.Build.0 = Debug|Any CPU
		{27CA8571-3D90-454A-9F74-2FB2AC211FFF}.Debug|x64.ActiveCfg = Debug|Any CPU
		{27CA8571-3D90-454A-9F74-2FB2AC211FFF}.Debug|x64.Build.0 = Debug|Any CPU
		{27CA8571-3D90-454A-9F74-2FB2AC211FFF}.Debug|x86.ActiveCfg = Debug|Any CPU
		{27CA8571-3D90-454A-9F74-2FB2AC211FFF}.Debug|x86.Build.0 = Debug|Any CPU
		{27CA8571-3D90-454A-9F74-2FB2AC211FFF}.Release|Any CPU.ActiveCfg = Release|Any CPU
		{27CA8571-3D90-454A-9F74-2FB2AC211FFF}.Release|Any CPU.Build.0 = Release|Any CPU
		{27CA8571-3D90-454A-9F74-2FB2AC211FFF}.Release|x64.ActiveCfg = Release|Any CPU
		{27CA8571-3D90-454A-9F74-2FB2AC211FFF}.Release|x64.Build.0 = Release|Any CPU
		{27CA8571-3D90-454A-9F74-2FB2AC211FFF}.Release|x86.ActiveCfg = Release|Any CPU
		{27CA8571-3D90-454A-9F74-2FB2AC211FFF}.Release|x86.Build.0 = Release|Any CPU
		{1D9947C4-353A-4D78-9EC6-EFB687389AEA}.Debug|Any CPU.ActiveCfg = Debug|Any CPU
		{1D9947C4-353A-4D78-9EC6-EFB687389AEA}.Debug|Any CPU.Build.0 = Debug|Any CPU
		{1D9947C4-353A-4D78-9EC6-EFB687389AEA}.Debug|x64.ActiveCfg = Debug|Any CPU
		{1D9947C4-353A-4D78-9EC6-EFB687389AEA}.Debug|x64.Build.0 = Debug|Any CPU
		{1D9947C4-353A-4D78-9EC6-EFB687389AEA}.Debug|x86.ActiveCfg = Debug|Any CPU
		{1D9947C4-353A-4D78-9EC6-EFB687389AEA}.Debug|x86.Build.0 = Debug|Any CPU
		{1D9947C4-353A-4D78-9EC6-EFB687389AEA}.Release|Any CPU.ActiveCfg = Release|Any CPU
		{1D9947C4-353A-4D78-9EC6-EFB687389AEA}.Release|Any CPU.Build.0 = Release|Any CPU
		{1D9947C4-353A-4D78-9EC6-EFB687389AEA}.Release|x64.ActiveCfg = Release|Any CPU
		{1D9947C4-353A-4D78-9EC6-EFB687389AEA}.Release|x64.Build.0 = Release|Any CPU
		{1D9947C4-353A-4D78-9EC6-EFB687389AEA}.Release|x86.ActiveCfg = Release|Any CPU
		{1D9947C4-353A-4D78-9EC6-EFB687389AEA}.Release|x86.Build.0 = Release|Any CPU
		{36D3A26F-9DCD-4AED-AF46-6CAFC01E01A2}.Debug|Any CPU.ActiveCfg = Debug|Any CPU
		{36D3A26F-9DCD-4AED-AF46-6CAFC01E01A2}.Debug|Any CPU.Build.0 = Debug|Any CPU
		{36D3A26F-9DCD-4AED-AF46-6CAFC01E01A2}.Debug|x64.ActiveCfg = Debug|Any CPU
		{36D3A26F-9DCD-4AED-AF46-6CAFC01E01A2}.Debug|x64.Build.0 = Debug|Any CPU
		{36D3A26F-9DCD-4AED-AF46-6CAFC01E01A2}.Debug|x86.ActiveCfg = Debug|Any CPU
		{36D3A26F-9DCD-4AED-AF46-6CAFC01E01A2}.Debug|x86.Build.0 = Debug|Any CPU
		{36D3A26F-9DCD-4AED-AF46-6CAFC01E01A2}.Release|Any CPU.ActiveCfg = Release|Any CPU
		{36D3A26F-9DCD-4AED-AF46-6CAFC01E01A2}.Release|Any CPU.Build.0 = Release|Any CPU
		{36D3A26F-9DCD-4AED-AF46-6CAFC01E01A2}.Release|x64.ActiveCfg = Release|Any CPU
		{36D3A26F-9DCD-4AED-AF46-6CAFC01E01A2}.Release|x64.Build.0 = Release|Any CPU
		{36D3A26F-9DCD-4AED-AF46-6CAFC01E01A2}.Release|x86.ActiveCfg = Release|Any CPU
		{36D3A26F-9DCD-4AED-AF46-6CAFC01E01A2}.Release|x86.Build.0 = Release|Any CPU
	EndGlobalSection
	GlobalSection(SolutionProperties) = preSolution
		HideSolutionNode = FALSE
	EndGlobalSection
	GlobalSection(NestedProjects) = preSolution
		{4E7D9F25-AA53-4A01-93E0-55A7F9B1386D} = {827E0CD3-B72D-47B6-A68D-7590B98EB39B}
		{800CC34B-B6EF-4413-82E0-D3F9D955BD12} = {827E0CD3-B72D-47B6-A68D-7590B98EB39B}
		{DD8CB54A-CEE0-4BD0-A10D-55B85C4AA13C} = {827E0CD3-B72D-47B6-A68D-7590B98EB39B}
		{BEA34135-270F-45DC-A623-F4B709F0D15C} = {827E0CD3-B72D-47B6-A68D-7590B98EB39B}
		{1F018B7E-0847-4A5B-A0B5-708C05999900} = {827E0CD3-B72D-47B6-A68D-7590B98EB39B}
		{68C6C14C-F3F3-45E5-BDBD-F190C9570101} = {827E0CD3-B72D-47B6-A68D-7590B98EB39B}
		{4A972167-4597-4FDE-8E3E-64C972058CA4} = {0AB3BF05-4346-4AA6-1389-037BE0695223}
		{41616F9A-31BE-4E60-BC35-020D52983EBE} = {0AB3BF05-4346-4AA6-1389-037BE0695223}
		{373D055E-9716-4334-AA10-DBCDD8D03A84} = {0AB3BF05-4346-4AA6-1389-037BE0695223}
		{27CA8571-3D90-454A-9F74-2FB2AC211FFF} = {0AB3BF05-4346-4AA6-1389-037BE0695223}
		{1D9947C4-353A-4D78-9EC6-EFB687389AEA} = {0AB3BF05-4346-4AA6-1389-037BE0695223}
		{36D3A26F-9DCD-4AED-AF46-6CAFC01E01A2} = {0AB3BF05-4346-4AA6-1389-037BE0695223}
	EndGlobalSection
EndGlobal
